
Microsoft Visual Studio Solution File, Format Version 12.00
# Visual Studio Version 17
VisualStudioVersion = 17.9.34728.123
MinimumVisualStudioVersion = 10.0.40219.1
Project("{FAE04EC0-301F-11D3-BF4B-00C04F79EFBC}") = "ListApp", "ListApp\ListApp.csproj", "{063F25E2-A5CF-446C-9384-D9ECE5DB486A}"
EndProject
Global
	GlobalSection(SolutionConfigurationPlatforms) = preSolution
		Debug|Any CPU = Debug|Any CPU
		Release|Any CPU = Release|Any CPU
	EndGlobalSection
	GlobalSection(ProjectConfigurationPlatforms) = postSolution
		{063F25E2-A5CF-446C-9384-D9ECE5DB486A}.Debug|Any CPU.ActiveCfg = Debug|Any CPU
		{063F25E2-A5CF-446C-9384-D9ECE5DB486A}.Debug|Any CPU.Build.0 = Debug|Any CPU
		{063F25E2-A5CF-446C-9384-D9ECE5DB486A}.Release|Any CPU.ActiveCfg = Release|Any CPU
		{063F25E2-A5CF-446C-9384-D9ECE5DB486A}.Release|Any CPU.Build.0 = Release|Any CPU
	EndGlobalSection
	GlobalSection(SolutionProperties) = preSolution
		HideSolutionNode = FALSE
	EndGlobalSection
	GlobalSection(ExtensibilityGlobals) = postSolution
		SolutionGuid = {F8C19330-0F12-47CD-A6AF-C6B55E66A9C9}
	EndGlobalSection
EndGlobal
